Microsoft Visual Studio Solution File, Format Version 12.00
# Visual Studio Version 17
VisualStudioVersion = 17.5.2.0
MinimumVisualStudioVersion = 10.0.40219.1
Project("{FAE04EC0-301F-11D3-BF4B-00C04F79EFBC}") = "ActionCodex", "ActionCodex.csproj", "{5D331441-5C72-4451-73B4-794894A36E4E}"
EndProject
Global
	GlobalSection(SolutionConfigurationPlatforms) = preSolution
		Debug|Any CPU = Debug|Any CPU
		Release|Any CPU = Release|Any CPU
	EndGlobalSection
	GlobalSection(ProjectConfigurationPlatforms) = postSolution
		{5D331441-5C72-4451-73B4-794894A36E4E}.Debug|Any CPU.ActiveCfg = Debug|Any CPU
		{5D331441-5C72-4451-73B4-794894A36E4E}.Debug|Any CPU.Build.0 = Debug|Any CPU
		{5D331441-5C72-4451-73B4-794894A36E4E}.Release|Any CPU.ActiveCfg = Release|Any CPU
		{5D331441-5C72-4451-73B4-794894A36E4E}.Release|Any CPU.Build.0 = Release|Any CPU
	EndGlobalSection
	GlobalSection(SolutionProperties) = preSolution
		HideSolutionNode = FALSE
	EndGlobalSection
	GlobalSection(ExtensibilityGlobals) = postSolution
		SolutionGuid = {AE721967-5BE5-4CAC-892E-2452D585C1E2}
	EndGlobalSection
EndGlobal
